// !$*UTF8*$!
{
	archiveVersion = 1;
	classes = {
	};
	objectVersion = 50;
	objects = {

/* Begin PBXBuildFile section */
		18DCDB0F235598BF00468D6B /* AppDelegate.swift in Sources */ = {isa = PBXBuildFile; fileRef = 18DCDB0E235598BF00468D6B /* AppDelegate.swift */; };
		18DCDB11235598BF00468D6B /* ViewController.swift in Sources */ = {isa = PBXBuildFile; fileRef = 18DCDB10235598BF00468D6B /* ViewController.swift */; };
		18DCDB14235598BF00468D6B /* Main.storyboard in Resources */ = {isa = PBXBuildFile; fileRef = 18DCDB12235598BF00468D6B /* Main.storyboard */; };
		18DCDB16235598C100468D6B /* Assets.xcassets in Resources */ = {isa = PBXBuildFile; fileRef = 18DCDB15235598C100468D6B /* Assets.xcassets */; };
		18DCDB19235598C100468D6B /* LaunchScreen.storyboard in Resources */ = {isa = PBXBuildFile; fileRef = 18DCDB17235598C100468D6B /* LaunchScreen.storyboard */; };
		18DCDB2523559F8000468D6B /* TableViewController.swift in Sources */ = {isa = PBXBuildFile; fileRef = 18DCDB2423559F8000468D6B /* TableViewController.swift */; };
		18DCDB272355A39200468D6B /* food.swift in Sources */ = {isa = PBXBuildFile; fileRef = 18DCDB262355A39200468D6B /* food.swift */; };
		18DCDB292355A97900468D6B /* DescriptionViewController.swift in Sources */ = {isa = PBXBuildFile; fileRef = 18DCDB282355A97900468D6B /* DescriptionViewController.swift */; };
/* End PBXBuildFile section */

/* Begin PBXFileReference section */
		18DCDB0B235598BF00468D6B /* ZYY-demo2.app */ = {isa = PBXFileReference; explicitFileType = wrapper.application; includeInIndex = 0; path = "ZYY-demo2.app"; sourceTree = BUILT_PRODUCTS_DIR; };
		18DCDB0E235598BF00468D6B /* AppDelegate.swift */ = {isa = PBXFileReference; lastKnownFileType = sourcecode.swift; path = AppDelegate.swift; sourceTree = "<group>"; };
		18DCDB10235598BF00468D6B /* ViewController.swift */ = {isa = PBXFileReference; lastKnownFileType = sourcecode.swift; path = ViewController.swift; sourceTree = "<group>"; };
		18DCDB13235598BF00468D6B /* Base */ = {isa = PBXFileReference; lastKnownFileType = file.storyboard; name = Base; path = Base.lproj/Main.storyboard; sourceTree = "<group>"; };
		18DCDB15235598C100468D6B /* Assets.xcassets */ = {isa = PBXFileReference; lastKnownFileType = folder.assetcatalog; path = Assets.xcassets; sourceTree = "<group>"; };
		18DCDB18235598C100468D6B /* Base */ = {isa = PBXFileReference; lastKnownFileType = file.storyboard; name = Base; path = Base.lproj/LaunchScreen.storyboard; sourceTree = "<group>"; };
		18DCDB1A235598C100468D6B /* Info.plist */ = {isa = PBXFileReference; lastKnownFileType = text.plist.xml; path = Info.plist; sourceTree = "<group>"; };
		18DCDB2423559F8000468D6B /* TableViewController.swift */ = {isa = PBXFileReference; lastKnownFileType = sourcecode.swift; path = TableViewController.swift; sourceTree = "<group>"; };
		18DCDB262355A39200468D6B /* food.swift */ = {isa = PBXFileReference; lastKnownFileType = sourcecode.swift; path = food.swift; sourceTree = "<group>"; };
		18DCDB282355A97900468D6B /* DescriptionViewController.swift */ = {isa = PBXFileReference; lastKnownFileType = sourcecode.swift; path = DescriptionViewController.swift; sourceTree = "<group>"; };
/* End PBXFileReference section */

/* Begin PBXFrameworksBuildPhase section */
		18DCDB08235598BF00468D6B /* Frameworks */ = {
			isa = PBXFrameworksBuildPhase;
			buildActionMask = 2147483647;
			files = (
			);
			runOnlyForDeploymentPostprocessing = 0;
		};
/* End PBXFrameworksBuildPhase section */

/* Begin PBXGroup section */
		18DCDB02235598BF00468D6B = {
			isa = PBXGroup;
			children = (
				18DCDB0D235598BF00468D6B /* ZYY-demo2 */,
				18DCDB0C235598BF00468D6B /* Products */,
			);
			sourceTree = "<group>";
		};
		18DCDB0C235598BF00468D6B /* Products */ = {
			isa = PBXGroup;
			children = (
				18DCDB0B235598BF00468D6B /* ZYY-demo2.app */,
			);
			name = Products;
			sourceTree = "<group>";
		};
		18DCDB0D235598BF00468D6B /* ZYY-demo2 */ = {
			isa = PBXGroup;
			children = (
				18DCDB0E235598BF00468D6B /* AppDelegate.swift */,
				18DCDB10235598BF00468D6B /* ViewController.swift */,
				18DCDB12235598BF00468D6B /* Main.storyboard */,
				18DCDB282355A97900468D6B /* DescriptionViewController.swift */,
				18DCDB262355A39200468D6B /* food.swift */,
				18DCDB2423559F8000468D6B /* TableViewController.swift */,
				18DCDB15235598C100468D6B /* Assets.xcassets */,
				18DCDB17235598C100468D6B /* LaunchScreen.storyboard */,
				18DCDB1A235598C100468D6B /* Info.plist */,
			);
			path = "ZYY-demo2";
			sourceTree = "<group>";
		};
/* End PBXGroup section */

/* Begin PBXNativeTarget section */
		18DCDB0A235598BF00468D6B /* ZYY-demo2 */ = {
			isa = PBXNativeTarget;
			buildConfigurationList = 18DCDB1D235598C100468D6B /* Build configuration list for PBXNativeTarget "ZYY-demo2" */;
			buildPhases = (
				18DCDB07235598BF00468D6B /* Sources */,
				18DCDB08235598BF00468D6B /* Frameworks */,
				18DCDB09235598BF00468D6B /* Resources */,
			);
			buildRules = (
			);
			dependencies = (
			);
			name = "ZYY-demo2";
			productName = "ZYY-demo2";
			productReference = 18DCDB0B235598BF00468D6B /* ZYY-demo2.app */;
			productType = "com.apple.product-type.application";
		};
/* End PBXNativeTarget section */

/* Begin PBXProject section */
		18DCDB03235598BF00468D6B /* Project object */ = {
			isa = PBXProject;
			attributes = {
				LastSwiftUpdateCheck = 1030;
				LastUpgradeCheck = 1030;
				ORGANIZATIONNAME = ZYY.4.17.SE.SCUT;
				TargetAttributes = {
					18DCDB0A235598BF00468D6B = {
						CreatedOnToolsVersion = 10.3;
					};
				};
			};
			buildConfigurationList = 18DCDB06235598BF00468D6B /* Build configuration list for PBXProject "ZYY-demo2" */;
			compatibilityVersion = "Xcode 9.3";
			developmentRegion = en;
			hasScannedForEncodings = 0;
			knownRegions = (
				en,
				Base,
			);
			mainGroup = 18DCDB02235598BF00468D6B;
			productRefGroup = 18DCDB0C235598BF00468D6B /* Products */;
			projectDirPath = "";
			projectRoot = "";
			targets = (
				18DCDB0A235598BF00468D6B /* ZYY-demo2 */,
			);
		};
/* End PBXProject section */

/* Begin PBXResourcesBuildPhase section */
		18DCDB09235598BF00468D6B /* Resources */ = {
			isa = PBXResourcesBuildPhase;
			buildActionMask = 2147483647;
			files = (
				18DCDB19235598C100468D6B /* LaunchScreen.storyboard in Resources */,
				18DCDB16235598C100468D6B /* Assets.xcassets in Resources */,
				18DCDB14235598BF00468D6B /* Main.storyboard in Resources */,
			);
			runOnlyForDeploymentPostprocessing = 0;
		};
/* End PBXResourcesBuildPhase section */

/* Begin PBXSourcesBuildPhase section */
		18DCDB07235598BF00468D6B /* Sources */ = {
			isa = PBXSourcesBuildPhase;
			buildActionMask = 2147483647;
			files = (
				18DCDB11235598BF00468D6B /* ViewController.swift in Sources */,
				18DCDB272355A39200468D6B /* food.swift in Sources */,
				18DCDB2523559F8000468D6B /* TableViewController.swift in Sources */,
				18DCDB292355A97900468D6B /* DescriptionViewController.swift in Sources */,
				18DCDB0F235598BF00468D6B /* AppDelegate.swift in Sources */,
			);
			runOnlyForDeploymentPostprocessing = 0;
		};
/* End PBXSourcesBuildPhase section */

/* Begin PBXVariantGroup section */
		18DCDB12235598BF00468D6B /* Main.storyboard */ = {
			isa = PBXVariantGroup;
			children = (
				18DCDB13235598BF00468D6B /* Base */,
			);
			name = Main.storyboard;
			sourceTree = "<group>";
		};
		18DCDB17235598C100468D6B /* LaunchScreen.storyboard */ = {
			isa = PBXVariantGroup;
			children = (
				18DCDB18235598C100468D6B /* Base */,
			);
			name = LaunchScreen.storyboard;
			sourceTree = "<group>";
		};
/* End PBXVariantGroup section */

/* Begin XCBuildConfiguration section */
		18DCDB1B235598C100468D6B /* Debug */ = {
			isa = XCBuildConfiguration;
			buildSettings = {
				ALWAYS_SEARCH_USER_PATHS = NO;
				CLANG_ANALYZER_NONNULL = YES;
				CLANG_ANALYZER_NUMBER_OBJECT_CONVERSION = YES_AGGRESSIVE;
				CLANG_CXX_LANGUAGE_STANDARD = "gnu++14";
				CLANG_CXX_LIBRARY = "libc++";
				CLANG_ENABLE_MODULES = YES;
				CLANG_ENABLE_OBJC_ARC = YES;
				CLANG_ENABLE_OBJC_WEAK = YES;
				CLANG_WARN_BLOCK_CAPTURE_AUTORELEASING = YES;
				CLANG_WARN_BOOL_CONVERSION = YES;
				CLANG_WARN_COMMA = YES;
				CLANG_WARN_CONSTANT_CONVERSION = YES;
				CLANG_WARN_DEPRECATED_OBJC_IMPLEMENTATIONS = YES;
				CLANG_WARN_DIRECT_OBJC_ISA_USAGE = YES_ERROR;
				CLANG_WARN_DOCUMENTATION_COMMENTS = YES;
				CLANG_WARN_EMPTY_BODY = YES;
				CLANG_WARN_ENUM_CONVERSION = YES;
				CLANG_WARN_INFINITE_RECURSION = YES;
				CLANG_WARN_INT_CONVERSION = YES;
				CLANG_WARN_NON_LITERAL_NULL_CONVERSION = YES;
				CLANG_WARN_OBJC_IMPLICIT_RETAIN_SELF = YES;
				CLANG_WARN_OBJC_LITERAL_CONVERSION = YES;
				CLANG_WARN_OBJC_ROOT_CLASS = YES_ERROR;
				CLANG_WARN_RANGE_LOOP_ANALYSIS = YES;
				CLANG_WARN_STRICT_PROTOTYPES = YES;
				CLANG_WARN_SUSPICIOUS_MOVE = YES;
				CLANG_WARN_UNGUARDED_AVAILABILITY = YES_AGGRESSIVE;
				CLANG_WARN_UNREACHABLE_CODE = YES;
				CLANG_WARN__DUPLICATE_METHOD_MATCH = YES;
				CODE_SIGN_IDENTITY = "iPhone Developer";
				COPY_PHASE_STRIP = NO;
				DEBUG_INFORMATION_FORMAT = dwarf;
				ENABLE_STRICT_OBJC_MSGSEND = YES;
				ENABLE_TESTABILITY = YES;
				GCC_C_LANGUAGE_STANDARD = gnu11;
				GCC_DYNAMIC_NO_PIC = NO;
				GCC_NO_COMMON_BLOCKS = YES;
				GCC_OPTIMIZATION_LEVEL = 0;
				GCC_PREPROCESSOR_DEFINITIONS = (
					"DEBUG=1",
					"$(inherited)",
				);
				GCC_WARN_64_TO_32_BIT_CONVERSION = YES;
				GCC_WARN_ABOUT_RETURN_TYPE = YES_ERROR;
				GCC_WARN_UNDECLARED_SELECTOR = YES;
				GCC_WARN_UNINITIALIZED_AUTOS = YES_AGGRESSIVE;
				GCC_WARN_UNUSED_FUNCTION = YES;
				GCC_WARN_UNUSED_VARIABLE = YES;
				IPHONEOS_DEPLOYMENT_TARGET = 12.4;
				MTL_ENABLE_DEBUG_INFO = INCLUDE_SOURCE;
				MTL_FAST_MATH = YES;
				ONLY_ACTIVE_ARCH = YES;
				SDKROOT = iphoneos;
				SWIFT_ACTIVE_COMPILATION_CONDITIONS = DEBUG;
				SWIFT_OPTIMIZATION_LEVEL = "-Onone";
			};
			name = Debug;
		};
		18DCDB1C235598C100468D6B /* Release */ = {
			isa = XCBuildConfiguration;
			buildSettings = {
				ALWAYS_SEARCH_USER_PATHS = NO;
				CLANG_ANALYZER_NONNULL = YES;
				CLANG_ANALYZER_NUMBER_OBJECT_CONVERSION = YES_AGGRESSIVE;
				CLANG_CXX_LANGUAGE_STANDARD = "gnu++14";
				CLANG_CXX_LIBRARY = "libc++";
				CLANG_ENABLE_MODULES = YES;
				CLANG_ENABLE_OBJC_ARC = YES;
				CLANG_ENABLE_OBJC_WEAK = YES;
				CLANG_WARN_BLOCK_CAPTURE_AUTORELEASING = YES;
				CLANG_WARN_BOOL_CONVERSION = YES;
				CLANG_WARN_COMMA = YES;
				CLANG_WARN_CONSTANT_CONVERSION = YES;
				CLANG_WARN_DEPRECATED_OBJC_IMPLEMENTATIONS = YES;
				CLANG_WARN_DIRECT_OBJC_ISA_USAGE = YES_ERROR;
				CLANG_WARN_DOCUMENTATION_COMMENTS = YES;
				CLANG_WARN_EMPTY_BODY = YES;
				CLANG_WARN_ENUM_CONVERSION = YES;
				CLANG_WARN_INFINITE_RECURSION = YES;
				CLANG_WARN_INT_CONVERSION = YES;
				CLANG_WARN_NON_LITERAL_NULL_CONVERSION = YES;
				CLANG_WARN_OBJC_IMPLICIT_RETAIN_SELF = YES;
				CLANG_WARN_OBJC_LITERAL_CONVERSION = YES;
				CLANG_WARN_OBJC_ROOT_CLASS = YES_ERROR;
				CLANG_WARN_RANGE_LOOP_ANALYSIS = YES;
				CLANG_WARN_STRICT_PROTOTYPES = YES;
				CLANG_WARN_SUSPICIOUS_MOVE = YES;
				CLANG_WARN_UNGUARDED_AVAILABILITY = YES_AGGRESSIVE;
				CLANG_WARN_UNREACHABLE_CODE = YES;
				CLANG_WARN__DUPLICATE_METHOD_MATCH = YES;
				CODE_SIGN_IDENTITY = "iPhone Developer";
				COPY_PHASE_STRIP = NO;
				DEBUG_INFORMATION_FORMAT = "dwarf-with-dsym";
				ENABLE_NS_ASSERTIONS = NO;
				ENABLE_STRICT_OBJC_MSGSEND = YES;
				GCC_C_LANGUAGE_STANDARD = gnu11;
				GCC_NO_COMMON_BLOCKS = YES;
				GCC_WARN_64_TO_32_BIT_CONVERSION = YES;
				GCC_WARN_ABOUT_RETURN_TYPE = YES_ERROR;
				GCC_WARN_UNDECLARED_SELECTOR = YES;
				GCC_WARN_UNINITIALIZED_AUTOS = YES_AGGRESSIVE;
				GCC_WARN_UNUSED_FUNCTION = YES;
				GCC_WARN_UNUSED_VARIABLE = YES;
				IPHONEOS_DEPLOYMENT_TARGET = 12.4;
				MTL_ENABLE_DEBUG_INFO = NO;
				MTL_FAST_MATH = YES;
				SDKROOT = iphoneos;
				SWIFT_COMPILATION_MODE = wholemodule;
				SWIFT_OPTIMIZATION_LEVEL = "-O";
				VALIDATE_PRODUCT = YES;
			};
			name = Release;
		};
		18DCDB1E235598C100468D6B /* Debug */ = {
			isa = XCBuildConfiguration;
			buildSettings = {
				ASSETCATALOG_COMPILER_APPICON_NAME = AppIcon;
				CODE_SIGN_STYLE = Automatic;
				DEVELOPMENT_TEAM = "";
				INFOPLIST_FILE = "ZYY-demo2/Info.plist";
				LD_RUNPATH_SEARCH_PATHS = (
					"$(inherited)",
					"@executable_path/Frameworks",
				);
				PRODUCT_BUNDLE_IDENTIFIER = "apple.ZYY-demo2";
				PRODUCT_NAME = "$(TARGET_NAME)";
				SWIFT_VERSION = 5.0;
				TARGETED_DEVICE_FAMILY = "1,2";
			};
			name = Debug;
		};
		18DCDB1F235598C100468D6B /* Release */ = {
			isa = XCBuildConfiguration;
			buildSettings = {
				ASSETCATALOG_COMPILER_APPICON_NAME = AppIcon;
				CODE_SIGN_STYLE = Automatic;
				DEVELOPMENT_TEAM = "";
				INFOPLIST_FILE = "ZYY-demo2/Info.plist";
				LD_RUNPATH_SEARCH_PATHS = (
					"$(inherited)",
					"@executable_path/Frameworks",
				);
				PRODUCT_BUNDLE_IDENTIFIER = "apple.ZYY-demo2";
				PRODUCT_NAME = "$(TARGET_NAME)";
				SWIFT_VERSION = 5.0;
				TARGETED_DEVICE_FAMILY = "1,2";
			};
			name = Release;
		};
/* End XCBuildConfiguration section */

/* Begin XCConfigurationList section */
		18DCDB06235598BF00468D6B /* Build configuration list for PBXProject "ZYY-demo2" */ = {
			isa = XCConfigurationList;
			buildConfigurations = (
				18DCDB1B235598C100468D6B /* Debug */,
				18DCDB1C235598C100468D6B /* Release */,
			);
			defaultConfigurationIsVisible = 0;
			defaultConfigurationName = Release;
		};
		18DCDB1D235598C100468D6B /* Build configuration list for PBXNativeTarget "ZYY-demo2" */ = {
			isa = XCConfigurationList;
			buildConfigurations = (
				18DCDB1E235598C100468D6B /* Debug */,
				18DCDB1F235598C100468D6B /* Release */,
			);
			defaultConfigurationIsVisible = 0;
			defaultConfigurationName = Release;
		};
/* End XCConfigurationList section */
	};
	rootObject = 18DCDB03235598BF00468D6B /* Project object */;
}
